
Microsoft Visual Studio Solution File, Format Version 12.00
# Visual Studio 15
VisualStudioVersion = 15.0.27703.2047
MinimumVisualStudioVersion = 10.0.40219.1
Project("{8BC9CEB8-8B4A-11D0-8D11-00A0C91BC942}") = "Asssignment 3", "Asssignment 3\Asssignment 3.vcxproj", "{EAFA72D1-578D-4009-91B4-4FCC7CC35CF2}"
EndProject
Global
	GlobalSection(SolutionConfigurationPlatforms) = preSolution
		Debug|x64 = Debug|x64
		Debug|x86 = Debug|x86
		Release|x64 = Release|x64
		Release|x86 = Release|x86
	EndGlobalSection
	GlobalSection(ProjectConfigurationPlatforms) = postSolution
		{EAFA72D1-578D-4009-91B4-4FCC7CC35CF2}.Debug|x64.ActiveCfg = Debug|x64
		{EAFA72D1-578D-4009-91B4-4FCC7CC35CF2}.Debug|x64.Build.0 = Debug|x64
		{EAFA72D1-578D-4009-91B4-4FCC7CC35CF2}.Debug|x86.ActiveCfg = Debug|Win32
		{EAFA72D1-578D-4009-91B4-4FCC7CC35CF2}.Debug|x86.Build.0 = Debug|Win32
		{EAFA72D1-578D-4009-91B4-4FCC7CC35CF2}.Release|x64.ActiveCfg = Release|x64
		{EAFA72D1-578D-4009-91B4-4FCC7CC35CF2}.Release|x64.Build.0 = Release|x64
		{EAFA72D1-578D-4009-91B4-4FCC7CC35CF2}.Release|x86.ActiveCfg = Release|Win32
		{EAFA72D1-578D-4009-91B4-4FCC7CC35CF2}.Release|x86.Build.0 = Release|Win32
	EndGlobalSection
	GlobalSection(SolutionProperties) = preSolution
		HideSolutionNode = FALSE
	EndGlobalSection
	GlobalSection(ExtensibilityGlobals) = postSolution
		SolutionGuid = {0895D2F1-4CD8-4E8A-AD78-0F3FAF5A6057}
	EndGlobalSection
EndGlobal
