
Microsoft Visual Studio Solution File, Format Version 12.00
# Visual Studio 15
VisualStudioVersion = 15.0.27703.2047
MinimumVisualStudioVersion = 10.0.40219.1
Project("{8BC9CEB8-8B4A-11D0-8D11-00A0C91BC942}") = "Module_3_Assignment", "Module_3_Assignment\Module_3_Assignment.vcxproj", "{E3A993B4-7B39-493E-97C9-417ABB4DD674}"
EndProject
Global
	GlobalSection(SolutionConfigurationPlatforms) = preSolution
		Debug|x64 = Debug|x64
		Debug|x86 = Debug|x86
		Release|x64 = Release|x64
		Release|x86 = Release|x86
	EndGlobalSection
	GlobalSection(ProjectConfigurationPlatforms) = postSolution
		{E3A993B4-7B39-493E-97C9-417ABB4DD674}.Debug|x64.ActiveCfg = Debug|x64
		{E3A993B4-7B39-493E-97C9-417ABB4DD674}.Debug|x64.Build.0 = Debug|x64
		{E3A993B4-7B39-493E-97C9-417ABB4DD674}.Debug|x86.ActiveCfg = Debug|Win32
		{E3A993B4-7B39-493E-97C9-417ABB4DD674}.Debug|x86.Build.0 = Debug|Win32
		{E3A993B4-7B39-493E-97C9-417ABB4DD674}.Release|x64.ActiveCfg = Release|x64
		{E3A993B4-7B39-493E-97C9-417ABB4DD674}.Release|x64.Build.0 = Release|x64
		{E3A993B4-7B39-493E-97C9-417ABB4DD674}.Release|x86.ActiveCfg = Release|Win32
		{E3A993B4-7B39-493E-97C9-417ABB4DD674}.Release|x86.Build.0 = Release|Win32
	EndGlobalSection
	GlobalSection(SolutionProperties) = preSolution
		HideSolutionNode = FALSE
	EndGlobalSection
	GlobalSection(ExtensibilityGlobals) = postSolution
		SolutionGuid = {C1D9BE39-308C-49C1-B5BD-BAEE008F7F40}
	EndGlobalSection
EndGlobal
